
Microsoft Visual Studio Solution File, Format Version 12.00
# Visual Studio Version 17
VisualStudioVersion = 17.9.34728.123
MinimumVisualStudioVersion = 10.0.40219.1
Project("{FAE04EC0-301F-11D3-BF4B-00C04F79EFBC}") = "Smart-Mind.Domain", "Smart-Mind.Domain\Smart-Mind.Domain.csproj", "{AF9E8D79-387B-439D-9C2C-BB3CA4CCA2F6}"
EndProject
Project("{FAE04EC0-301F-11D3-BF4B-00C04F79EFBC}") = "Smart-Mind.Application", "Smart-Mind.Application\Smart-Mind.Application.csproj", "{3ADD1397-0C0E-4EDC-8E6C-85F7BA9FDACC}"
EndProject
Project("{FAE04EC0-301F-11D3-BF4B-00C04F79EFBC}") = "Smart-Mind.infrastructure", "Smart-Mind.infrastructure\Smart-Mind.infrastructure.csproj", "{F309946B-B58C-47D4-B5B6-2C37E8DC15F2}"
EndProject
Project("{FAE04EC0-301F-11D3-BF4B-00C04F79EFBC}") = "Smart-Mind.CrossCutting", "Smart-Mind.CrossCutting\Smart-Mind.CrossCutting.csproj", "{2BADBB9B-EE02-43A8-9224-C09A68CBB560}"
EndProject
Project("{FAE04EC0-301F-11D3-BF4B-00C04F79EFBC}") = "Smart-Mind.API", "Smart-Mind.API\Smart-Mind.API.csproj", "{679FC652-CA93-47D2-8F04-17A59586DAB5}"
EndProject
Global
	GlobalSection(SolutionConfigurationPlatforms) = preSolution
		Debug|Any CPU = Debug|Any CPU
		Release|Any CPU = Release|Any CPU
	EndGlobalSection
	GlobalSection(ProjectConfigurationPlatforms) = postSolution
		{AF9E8D79-387B-439D-9C2C-BB3CA4CCA2F6}.Debug|Any CPU.ActiveCfg = Debug|Any CPU
		{AF9E8D79-387B-439D-9C2C-BB3CA4CCA2F6}.Debug|Any CPU.Build.0 = Debug|Any CPU
		{AF9E8D79-387B-439D-9C2C-BB3CA4CCA2F6}.Release|Any CPU.ActiveCfg = Release|Any CPU
		{AF9E8D79-387B-439D-9C2C-BB3CA4CCA2F6}.Release|Any CPU.Build.0 = Release|Any CPU
		{3ADD1397-0C0E-4EDC-8E6C-85F7BA9FDACC}.Debug|Any CPU.ActiveCfg = Debug|Any CPU
		{3ADD1397-0C0E-4EDC-8E6C-85F7BA9FDACC}.Debug|Any CPU.Build.0 = Debug|Any CPU
		{3ADD1397-0C0E-4EDC-8E6C-85F7BA9FDACC}.Release|Any CPU.ActiveCfg = Release|Any CPU
		{3ADD1397-0C0E-4EDC-8E6C-85F7BA9FDACC}.Release|Any CPU.Build.0 = Release|Any CPU
		{F309946B-B58C-47D4-B5B6-2C37E8DC15F2}.Debug|Any CPU.ActiveCfg = Debug|Any CPU
		{F309946B-B58C-47D4-B5B6-2C37E8DC15F2}.Debug|Any CPU.Build.0 = Debug|Any CPU
		{F309946B-B58C-47D4-B5B6-2C37E8DC15F2}.Release|Any CPU.ActiveCfg = Release|Any CPU
		{F309946B-B58C-47D4-B5B6-2C37E8DC15F2}.Release|Any CPU.Build.0 = Release|Any CPU
		{2BADBB9B-EE02-43A8-9224-C09A68CBB560}.Debug|Any CPU.ActiveCfg = Debug|Any CPU
		{2BADBB9B-EE02-43A8-9224-C09A68CBB560}.Debug|Any CPU.Build.0 = Debug|Any CPU
		{2BADBB9B-EE02-43A8-9224-C09A68CBB560}.Release|Any CPU.ActiveCfg = Release|Any CPU
		{2BADBB9B-EE02-43A8-9224-C09A68CBB560}.Release|Any CPU.Build.0 = Release|Any CPU
		{679FC652-CA93-47D2-8F04-17A59586DAB5}.Debug|Any CPU.ActiveCfg = Debug|Any CPU
		{679FC652-CA93-47D2-8F04-17A59586DAB5}.Debug|Any CPU.Build.0 = Debug|Any CPU
		{679FC652-CA93-47D2-8F04-17A59586DAB5}.Release|Any CPU.ActiveCfg = Release|Any CPU
		{679FC652-CA93-47D2-8F04-17A59586DAB5}.Release|Any CPU.Build.0 = Release|Any CPU
	EndGlobalSection
	GlobalSection(SolutionProperties) = preSolution
		HideSolutionNode = FALSE
	EndGlobalSection
	GlobalSection(ExtensibilityGlobals) = postSolution
		SolutionGuid = {A8880478-9998-419C-A69E-2F9FBFB4FCFF}
	EndGlobalSection
EndGlobal
